Microsoft Visual Studio Solution File, Format Version 11.00
# Visual Studio 2008

Project("{498CBC34-94B7-34B6-EEB2-B2CEADD7065C}") = "4Gravity", "Assembly-CSharp.csproj", "{59289491-1D0B-0A66-CFE1-BB5FFDFE6116}"
EndProject
Global
	GlobalSection(SolutionConfigurationPlatforms) = preSolution
		Debug|Any CPU = Debug|Any CPU
		Release|Any CPU = Release|Any CPU
	EndGlobalSection
	GlobalSection(ProjectConfigurationPlatforms) = postSolution
		{59289491-1D0B-0A66-CFE1-BB5FFDFE6116}.Debug|Any CPU.ActiveCfg = Debug|Any CPU
		{59289491-1D0B-0A66-CFE1-BB5FFDFE6116}.Debug|Any CPU.Build.0 = Debug|Any CPU
		{59289491-1D0B-0A66-CFE1-BB5FFDFE6116}.Release|Any CPU.ActiveCfg = Release|Any CPU
		{59289491-1D0B-0A66-CFE1-BB5FFDFE6116}.Release|Any CPU.Build.0 = Release|Any CPU
	EndGlobalSection
	GlobalSection(SolutionProperties) = preSolution
		HideSolutionNode = FALSE
	EndGlobalSection
	GlobalSection(MonoDevelopProperties) = preSolution
		StartupItem = Assembly-CSharp.csproj
	EndGlobalSection
EndGlobal
